{
  "version": 4,
  "terraform_version": "1.15.7",
  "serial": 1361,
  "lineage": "513a14d2-3ae8-9f45-3903-c6e99d793fbb",
  "outputs": {
    "ami_used": {
      "value": "ami-09bcb8a5a42345e92",
      "type": "string",
      "sensitive": true
    },
    "api_url": {
      "value": "http://3.39.171.2:8000",
      "type": "string"
    },
    "docs_url": {
      "value": "http://3.39.171.2:8000/docs",
      "type": "string"
    },
    "grafana_url": {
      "value": "http://3.39.171.2:3000",
      "type": "string"
    },
    "instance_id": {
      "value": "i-0ee30deea906b7346",
      "type": "string"
    },
    "public_ip": {
      "value": "3.39.171.2",
      "type": "string"
    },
    "ssh_command": {
      "value": "ssh -i ~/.ssh/id_rsa ubuntu@3.39.171.2",
      "type": "string"
    }
  },
  "resources": [
    {
      "mode": "data",
      "type": "aws_ssm_parameter",
      "name": "dlami_arm64",
      "provider": "provider[\"registry.terraform.io/hashicorp/aws\"]",
      "instances": [
        {
          "schema_version": 0,
          "attributes": {
            "arn": "arn:aws:ssm:ap-northeast-2::parameter/aws/service/deeplearning/ami/arm64/base-oss-nvidia-driver-gpu-ubuntu-22.04/latest/ami-id",
            "id": "/aws/service/deeplearning/ami/arm64/base-oss-nvidia-driver-gpu-ubuntu-22.04/latest/ami-id",
            "insecure_value": "ami-09bcb8a5a42345e92",
            "name": "/aws/service/deeplearning/ami/arm64/base-oss-nvidia-driver-gpu-ubuntu-22.04/latest/ami-id",
            "type": "String",
            "value": "ami-09bcb8a5a42345e92",
            "version": 159,
            "with_decryption": true
          },
          "sensitive_attributes": [
            [
              {
                "type": "get_attr",
                "value": "value"
              }
            ]
          ],
          "identity_schema_version": 0
        }
      ]
    },
    {
      "mode": "managed",
      "type": "aws_ebs_volume",
      "name": "data",
      "provider": "provider[\"registry.terraform.io/hashicorp/aws\"]",
      "instances": [
        {
          "schema_version": 0,
          "attributes": {
            "arn": "arn:aws:ec2:ap-northeast-2:346299179356:volume/vol-0a1ffd5873ad0cd04",
            "availability_zone": "ap-northeast-2a",
            "create_time": "2026-07-13T15:00:21Z",
            "encrypted": true,
            "final_snapshot": false,
            "id": "vol-0a1ffd5873ad0cd04",
            "iops": 3000,
            "kms_key_id": "arn:aws:kms:ap-northeast-2:346299179356:key/8b6fee86-5871-4042-b762-f558e900ee89",
            "multi_attach_enabled": false,
            "outpost_arn": "",
            "size": 120,
            "snapshot_id": "",
            "tags": {
              "Name": "rag-llamaindex-data"
            },
            "tags_all": {
              "Environment": "prod",
              "Name": "rag-llamaindex-data",
              "Project": "rag-llamaindex"
            },
            "throughput": 125,
            "timeouts": null,
            "type": "gp3"
          },
          "sensitive_attributes": [],
          "identity_schema_version": 0,
          "private": "eyJlMmJmYjczMC1lY2FhLTExZTYtOGY4OC0zNDM2M2JjN2M0YzAiOnsiY3JlYXRlIjozMDAwMDAwMDAwMDAsImRlbGV0ZSI6NjAwMDAwMDAwMDAwLCJ1cGRhdGUiOjMwMDAwMDAwMDAwMH19"
        }
      ]
    },
    {
      "mode": "managed",
      "type": "aws_eip",
      "name": "rag_server",
      "provider": "provider[\"registry.terraform.io/hashicorp/aws\"]",
      "instances": [
        {
          "schema_version": 0,
          "attributes": {
            "address": null,
            "allocation_id": "eipalloc-098147dce676c8fed",
            "arn": "arn:aws:ec2:ap-northeast-2:346299179356:elastic-ip/eipalloc-098147dce676c8fed",
            "associate_with_private_ip": null,
            "association_id": "",
            "carrier_ip": "",
            "customer_owned_ip": "",
            "customer_owned_ipv4_pool": "",
            "domain": "vpc",
            "id": "eipalloc-098147dce676c8fed",
            "instance": "",
            "ipam_pool_id": null,
            "network_border_group": "ap-northeast-2",
            "network_interface": "",
            "private_dns": null,
            "private_ip": "",
            "ptr_record": "",
            "public_dns": "ec2-3-39-171-2.ap-northeast-2.compute.amazonaws.com",
            "public_ip": "3.39.171.2",
            "public_ipv4_pool": "amazon",
            "tags": {
              "Name": "rag-llamaindex-eip"
            },
            "tags_all": {
              "Environment": "prod",
              "Name": "rag-llamaindex-eip",
              "Project": "rag-llamaindex"
            },
            "timeouts": null,
            "vpc": true
          },
          "sensitive_attributes": [],
          "identity_schema_version": 0,
          "private": "eyJlMmJmYjczMC1lY2FhLTExZTYtOGY4OC0zNDM2M2JjN2M0YzAiOnsiZGVsZXRlIjoxODAwMDAwMDAwMDAsInJlYWQiOjkwMDAwMDAwMDAwMCwidXBkYXRlIjozMDAwMDAwMDAwMDB9fQ=="
        }
      ]
    },
    {
      "mode": "managed",
      "type": "aws_eip_association",
      "name": "rag_server",
      "provider": "provider[\"registry.terraform.io/hashicorp/aws\"]",
      "instances": [
        {
          "schema_version": 0,
          "attributes": {
            "allocation_id": "eipalloc-098147dce676c8fed",
            "allow_reassociation": null,
            "id": "eipassoc-071024e5915100044",
            "instance_id": "i-0ee30deea906b7346",
            "network_interface_id": "eni-0abe824e28e81d7bd",
            "private_ip_address": "10.0.1.114",
            "public_ip": "3.39.171.2"
          },
          "sensitive_attributes": [],
          "identity_schema_version": 0,
          "private": "bnVsbA==",
          "dependencies": [
            "aws_eip.rag_server",
            "aws_instance.rag_server",
            "aws_key_pair.deployer",
            "aws_security_group.rag_api",
            "aws_subnet.public",
            "aws_vpc.main",
            "data.aws_ssm_parameter.dlami_arm64"
          ]
        }
      ]
    },
    {
      "mode": "managed",
      "type": "aws_instance",
      "name": "rag_server",
      "provider": "provider[\"registry.terraform.io/hashicorp/aws\"]",
      "instances": [
        {
          "schema_version": 1,
          "attributes": {
            "ami": "ami-09bcb8a5a42345e92",
            "arn": "arn:aws:ec2:ap-northeast-2:346299179356:instance/i-0ee30deea906b7346",
            "associate_public_ip_address": true,
            "availability_zone": "ap-northeast-2a",
            "capacity_reservation_specification": [
              {
                "capacity_reservation_preference": "open",
                "capacity_reservation_target": []
              }
            ],
            "cpu_core_count": 8,
            "cpu_options": [
              {
                "amd_sev_snp": "",
                "core_count": 8,
                "threads_per_core": 1
              }
            ],
            "cpu_threads_per_core": 1,
            "credit_specification": [],
            "disable_api_stop": false,
            "disable_api_termination": false,
            "ebs_block_device": [],
            "ebs_optimized": false,
            "enable_primary_ipv6": null,
            "enclave_options": [
              {
                "enabled": false
              }
            ],
            "ephemeral_block_device": [],
            "get_password_data": false,
            "hibernation": false,
            "host_id": "",
            "host_resource_group_arn": null,
            "iam_instance_profile": "",
            "id": "i-0ee30deea906b7346",
            "instance_initiated_shutdown_behavior": "terminate",
            "instance_lifecycle": "spot",
            "instance_market_options": [
              {
                "market_type": "spot",
                "spot_options": [
                  {
                    "instance_interruption_behavior": "terminate",
                    "max_price": "0.200000",
                    "spot_instance_type": "one-time",
                    "valid_until": ""
                  }
                ]
              }
            ],
            "instance_state": "running",
            "instance_type": "g5g.2xlarge",
            "ipv6_address_count": 0,
            "ipv6_addresses": [],
            "key_name": "rag-llamaindex-key",
            "launch_template": [],
            "maintenance_options": [
              {
                "auto_recovery": "default"
              }
            ],
            "metadata_options": [
              {
                "http_endpoint": "enabled",
                "http_protocol_ipv6": "disabled",
                "http_put_response_hop_limit": 1,
                "http_tokens": "optional",
                "instance_metadata_tags": "disabled"
              }
            ],
            "monitoring": false,
            "network_interface": [],
            "outpost_arn": "",
            "password_data": "",
            "placement_group": "",
            "placement_partition_number": 0,
            "primary_network_interface_id": "eni-0abe824e28e81d7bd",
            "private_dns": "ip-10-0-1-114.ap-northeast-2.compute.internal",
            "private_dns_name_options": [
              {
                "enable_resource_name_dns_a_record": false,
                "enable_resource_name_dns_aaaa_record": false,
                "hostname_type": "ip-name"
              }
            ],
            "private_ip": "10.0.1.114",
            "public_dns": "ec2-3-35-214-217.ap-northeast-2.compute.amazonaws.com",
            "public_ip": "3.35.214.217",
            "root_block_device": [
              {
                "delete_on_termination": true,
                "device_name": "/dev/sda1",
                "encrypted": true,
                "iops": 3000,
                "kms_key_id": "arn:aws:kms:ap-northeast-2:346299179356:key/8b6fee86-5871-4042-b762-f558e900ee89",
                "tags": null,
                "tags_all": {
                  "Environment": "prod",
                  "Project": "rag-llamaindex"
                },
                "throughput": 125,
                "volume_id": "vol-090f565194f654565",
                "volume_size": 120,
                "volume_type": "gp3"
              }
            ],
            "secondary_private_ips": [],
            "security_groups": [],
            "source_dest_check": true,
            "spot_instance_request_id": "sir-5347gyag",
            "subnet_id": "subnet-09013bcacb1d0d5bf",
            "tags": {
              "Environment": "prod",
              "Name": "rag-llamaindex-server"
            },
            "tags_all": {
              "Environment": "prod",
              "Name": "rag-llamaindex-server",
              "Project": "rag-llamaindex"
            },
            "tenancy": "default",
            "timeouts": null,
            "user_data": "9604db61d95f0219ff9eb2dfcdc5449d687bd82a",
            "user_data_base64": null,
            "user_data_replace_on_change": false,
            "volume_tags": null,
            "vpc_security_group_ids": [
              "sg-007dc63ccaef9c582"
            ]
          },
          "sensitive_attributes": [
            [
              {
                "type": "get_attr",
                "value": "ami"
              }
            ]
          ],
          "identity_schema_version": 0,
          "private": "eyJlMmJmYjczMC1lY2FhLTExZTYtOGY4OC0zNDM2M2JjN2M0YzAiOnsiY3JlYXRlIjo2MDAwMDAwMDAwMDAsImRlbGV0ZSI6MTIwMDAwMDAwMDAwMCwicmVhZCI6OTAwMDAwMDAwMDAwLCJ1cGRhdGUiOjYwMDAwMDAwMDAwMH0sInNjaGVtYV92ZXJzaW9uIjoiMSJ9",
          "dependencies": [
            "aws_key_pair.deployer",
            "aws_security_group.rag_api",
            "aws_subnet.public",
            "aws_vpc.main",
            "data.aws_ssm_parameter.dlami_arm64"
          ]
        }
      ]
    },
    {
      "mode": "managed",
      "type": "aws_internet_gateway",
      "name": "main",
      "provider": "provider[\"registry.terraform.io/hashicorp/aws\"]",
      "instances": [
        {
          "schema_version": 0,
          "attributes": {
            "arn": "arn:aws:ec2:ap-northeast-2:346299179356:internet-gateway/igw-0cc51e32eb36f08c6",
            "id": "igw-0cc51e32eb36f08c6",
            "owner_id": "346299179356",
            "tags": {
              "Name": "rag-llamaindex-igw"
            },
            "tags_all": {
              "Environment": "prod",
              "Name": "rag-llamaindex-igw",
              "Project": "rag-llamaindex"
            },
            "timeouts": null,
            "vpc_id": "vpc-04a021550bc55d18c"
          },
          "sensitive_attributes": [],
          "identity_schema_version": 0,
          "private": "eyJlMmJmYjczMC1lY2FhLTExZTYtOGY4OC0zNDM2M2JjN2M0YzAiOnsiY3JlYXRlIjoxMjAwMDAwMDAwMDAwLCJkZWxldGUiOjEyMDAwMDAwMDAwMDAsInVwZGF0ZSI6MTIwMDAwMDAwMDAwMH19",
          "dependencies": [
            "aws_vpc.main"
          ]
        }
      ]
    },
    {
      "mode": "managed",
      "type": "aws_key_pair",
      "name": "deployer",
      "provider": "provider[\"registry.terraform.io/hashicorp/aws\"]",
      "instances": [
        {
          "schema_version": 1,
          "attributes": {
            "arn": "arn:aws:ec2:ap-northeast-2:346299179356:key-pair/rag-llamaindex-key",
            "fingerprint": "ea:a6:66:0e:54:8e:ee:79:fe:ed:cf:0c:7d:46:99:e5",
            "id": "rag-llamaindex-key",
            "key_name": "rag-llamaindex-key",
            "key_name_prefix": "",
            "key_pair_id": "key-03cf250ba483ce471",
            "key_type": "rsa",
            "public_key": "ssh-rsa AAAAB3NzaC1yc2EAAAADAQABAAACAQDm7jANjvop02NG+nejTCuK+TdkZ9PfYOxs8Yr6N0nnnzXYTGOMkw9mKHwclLD7lbfet7ZfbRXar+xxNVXAnH2kbbwoqWra7QjhfpwlUTkjRYmamgjyEowKVGDEtgfLhnLTs3r8XnTSdFomFdYtMXVSIPPmHR9FZonOMU1cnKhaKdJea21ZrrL53/Gxo+a3r1/ViL6TTHw2wpSN9Q+eAqqTL446VUwINhGHF2t03OO1gvP1kAz1wifVBNMxTFYySW23YUzciUqGZx/vG0Tk5qeqpoSbhAV8YCteUhV/4NkjaX1SJ+P68MtRcqAY6bEJGP77WsB9h0t+MYZikqBt8504vaXMAN/hSJ3AQ0e1jdct8nNwLfKoDcZekdj9MtWDgxFUwD462LQv3jdKuwbfQaPAwjQoJoyAu1e7NVoSNUjcsX7rGI7M4CnRWsXIEmHcjxIU/6xASXwIjTfEoaDZ3HZLFySBYbAimYLtrrrDUT15xE10frPYHjOGYqpChtBVprnNimqnPH4uLl0hGUEf/QbR4Rsjtg7EZRtIhYkmWAAw2WhQMxpFxn4TTN8q9tB2QmYMOc6+tSfSwhPbsF2Oi2R4OE5it5mA58CcNRuXKGN+o8UkymStYA+Oq1Ay+1zv1l1EngVXUWL1rNpdj19DYrZgob3C22xuVF4fWToQqIjvMw== ton@email.com",
            "tags": null,
            "tags_all": {
              "Environment": "prod",
              "Project": "rag-llamaindex"
            }
          },
          "sensitive_attributes": [],
          "identity_schema_version": 0,
          "private": "eyJzY2hlbWFfdmVyc2lvbiI6IjEifQ=="
        }
      ]
    },
    {
      "mode": "managed",
      "type": "aws_route_table",
      "name": "public",
      "provider": "provider[\"registry.terraform.io/hashicorp/aws\"]",
      "instances": [
        {
          "schema_version": 0,
          "attributes": {
            "arn": "arn:aws:ec2:ap-northeast-2:346299179356:route-table/rtb-02382ee4ee43c80c9",
            "id": "rtb-02382ee4ee43c80c9",
            "owner_id": "346299179356",
            "propagating_vgws": [],
            "route": [
              {
                "carrier_gateway_id": "",
                "cidr_block": "0.0.0.0/0",
                "core_network_arn": "",
                "destination_prefix_list_id": "",
                "egress_only_gateway_id": "",
                "gateway_id": "igw-0cc51e32eb36f08c6",
                "ipv6_cidr_block": "",
                "local_gateway_id": "",
                "nat_gateway_id": "",
                "network_interface_id": "",
                "transit_gateway_id": "",
                "vpc_endpoint_id": "",
                "vpc_peering_connection_id": ""
              }
            ],
            "tags": {
              "Name": "rag-llamaindex-rt-public"
            },
            "tags_all": {
              "Environment": "prod",
              "Name": "rag-llamaindex-rt-public",
              "Project": "rag-llamaindex"
            },
            "timeouts": null,
            "vpc_id": "vpc-04a021550bc55d18c"
          },
          "sensitive_attributes": [],
          "identity_schema_version": 0,
          "private": "eyJlMmJmYjczMC1lY2FhLTExZTYtOGY4OC0zNDM2M2JjN2M0YzAiOnsiY3JlYXRlIjozMDAwMDAwMDAwMDAsImRlbGV0ZSI6MzAwMDAwMDAwMDAwLCJ1cGRhdGUiOjEyMDAwMDAwMDAwMH19",
          "dependencies": [
            "aws_internet_gateway.main",
            "aws_vpc.main"
          ]
        }
      ]
    },
    {
      "mode": "managed",
      "type": "aws_route_table_association",
      "name": "public",
      "provider": "provider[\"registry.terraform.io/hashicorp/aws\"]",
      "instances": [
        {
          "schema_version": 0,
          "attributes": {
            "gateway_id": "",
            "id": "rtbassoc-073d3b1206c84f3ef",
            "route_table_id": "rtb-02382ee4ee43c80c9",
            "subnet_id": "subnet-09013bcacb1d0d5bf",
            "timeouts": null
          },
          "sensitive_attributes": [],
          "identity_schema_version": 0,
          "private": "eyJlMmJmYjczMC1lY2FhLTExZTYtOGY4OC0zNDM2M2JjN2M0YzAiOnsiY3JlYXRlIjozMDAwMDAwMDAwMDAsImRlbGV0ZSI6MzAwMDAwMDAwMDAwLCJ1cGRhdGUiOjEyMDAwMDAwMDAwMH19",
          "dependencies": [
            "aws_internet_gateway.main",
            "aws_route_table.public",
            "aws_subnet.public",
            "aws_vpc.main"
          ]
        }
      ]
    },
    {
      "mode": "managed",
      "type": "aws_security_group",
      "name": "rag_api",
      "provider": "provider[\"registry.terraform.io/hashicorp/aws\"]",
      "instances": [
        {
          "schema_version": 1,
          "attributes": {
            "arn": "arn:aws:ec2:ap-northeast-2:346299179356:security-group/sg-007dc63ccaef9c582",
            "description": "Security group for RAG LlamaIndex API",
            "egress": [
              {
                "cidr_blocks": [
                  "0.0.0.0/0"
                ],
                "description": "",
                "from_port": 0,
                "ipv6_cidr_blocks": [],
                "prefix_list_ids": [],
                "protocol": "-1",
                "security_groups": [],
                "self": false,
                "to_port": 0
              }
            ],
            "id": "sg-007dc63ccaef9c582",
            "ingress": [
              {
                "cidr_blocks": [
                  "0.0.0.0/0"
                ],
                "description": "Grafana",
                "from_port": 3000,
                "ipv6_cidr_blocks": [],
                "prefix_list_ids": [],
                "protocol": "tcp",
                "security_groups": [],
                "self": false,
                "to_port": 3000
              },
              {
                "cidr_blocks": [
                  "0.0.0.0/0"
                ],
                "description": "HTTP Alt",
                "from_port": 8080,
                "ipv6_cidr_blocks": [],
                "prefix_list_ids": [],
                "protocol": "tcp",
                "security_groups": [],
                "self": false,
                "to_port": 8080
              },
              {
                "cidr_blocks": [
                  "0.0.0.0/0"
                ],
                "description": "HTTP",
                "from_port": 80,
                "ipv6_cidr_blocks": [],
                "prefix_list_ids": [],
                "protocol": "tcp",
                "security_groups": [],
                "self": false,
                "to_port": 80
              },
              {
                "cidr_blocks": [
                  "0.0.0.0/0"
                ],
                "description": "Ollama",
                "from_port": 11434,
                "ipv6_cidr_blocks": [],
                "prefix_list_ids": [],
                "protocol": "tcp",
                "security_groups": [],
                "self": false,
                "to_port": 11434
              },
              {
                "cidr_blocks": [
                  "0.0.0.0/0"
                ],
                "description": "Prometheus",
                "from_port": 9090,
                "ipv6_cidr_blocks": [],
                "prefix_list_ids": [],
                "protocol": "tcp",
                "security_groups": [],
                "self": false,
                "to_port": 9090
              },
              {
                "cidr_blocks": [
                  "0.0.0.0/0"
                ],
                "description": "RAG API",
                "from_port": 8000,
                "ipv6_cidr_blocks": [],
                "prefix_list_ids": [],
                "protocol": "tcp",
                "security_groups": [],
                "self": false,
                "to_port": 8000
              },
              {
                "cidr_blocks": [
                  "0.0.0.0/0"
                ],
                "description": "SSH",
                "from_port": 22,
                "ipv6_cidr_blocks": [],
                "prefix_list_ids": [],
                "protocol": "tcp",
                "security_groups": [],
                "self": false,
                "to_port": 22
              }
            ],
            "name": "rag-llamaindex-sg",
            "name_prefix": "",
            "owner_id": "346299179356",
            "revoke_rules_on_delete": false,
            "tags": {
              "Name": "rag-llamaindex-sg"
            },
            "tags_all": {
              "Environment": "prod",
              "Name": "rag-llamaindex-sg",
              "Project": "rag-llamaindex"
            },
            "timeouts": null,
            "vpc_id": "vpc-04a021550bc55d18c"
          },
          "sensitive_attributes": [],
          "identity_schema_version": 0,
          "private": "eyJlMmJmYjczMC1lY2FhLTExZTYtOGY4OC0zNDM2M2JjN2M0YzAiOnsiY3JlYXRlIjo2MDAwMDAwMDAwMDAsImRlbGV0ZSI6OTAwMDAwMDAwMDAwfSwic2NoZW1hX3ZlcnNpb24iOiIxIn0=",
          "dependencies": [
            "aws_vpc.main"
          ]
        }
      ]
    },
    {
      "mode": "managed",
      "type": "aws_subnet",
      "name": "public",
      "provider": "provider[\"registry.terraform.io/hashicorp/aws\"]",
      "instances": [
        {
          "schema_version": 1,
          "attributes": {
            "arn": "arn:aws:ec2:ap-northeast-2:346299179356:subnet/subnet-09013bcacb1d0d5bf",
            "assign_ipv6_address_on_creation": false,
            "availability_zone": "ap-northeast-2a",
            "availability_zone_id": "apne2-az1",
            "cidr_block": "10.0.1.0/24",
            "customer_owned_ipv4_pool": "",
            "enable_dns64": false,
            "enable_lni_at_device_index": 0,
            "enable_resource_name_dns_a_record_on_launch": false,
            "enable_resource_name_dns_aaaa_record_on_launch": false,
            "id": "subnet-09013bcacb1d0d5bf",
            "ipv6_cidr_block": "",
            "ipv6_cidr_block_association_id": "",
            "ipv6_native": false,
            "map_customer_owned_ip_on_launch": false,
            "map_public_ip_on_launch": true,
            "outpost_arn": "",
            "owner_id": "346299179356",
            "private_dns_hostname_type_on_launch": "ip-name",
            "tags": {
              "Name": "rag-llamaindex-subnet-public"
            },
            "tags_all": {
              "Environment": "prod",
              "Name": "rag-llamaindex-subnet-public",
              "Project": "rag-llamaindex"
            },
            "timeouts": null,
            "vpc_id": "vpc-04a021550bc55d18c"
          },
          "sensitive_attributes": [],
          "identity_schema_version": 0,
          "private": "eyJlMmJmYjczMC1lY2FhLTExZTYtOGY4OC0zNDM2M2JjN2M0YzAiOnsiY3JlYXRlIjo2MDAwMDAwMDAwMDAsImRlbGV0ZSI6MTIwMDAwMDAwMDAwMH0sInNjaGVtYV92ZXJzaW9uIjoiMSJ9",
          "dependencies": [
            "aws_vpc.main"
          ]
        }
      ]
    },
    {
      "mode": "managed",
      "type": "aws_volume_attachment",
      "name": "data",
      "provider": "provider[\"registry.terraform.io/hashicorp/aws\"]",
      "instances": [
        {
          "schema_version": 0,
          "attributes": {
            "device_name": "/dev/sdf",
            "force_detach": false,
            "id": "vai-2846592761",
            "instance_id": "i-0ee30deea906b7346",
            "skip_destroy": null,
            "stop_instance_before_detaching": null,
            "timeouts": null,
            "volume_id": "vol-0a1ffd5873ad0cd04"
          },
          "sensitive_attributes": [],
          "identity_schema_version": 0,
          "private": "eyJlMmJmYjczMC1lY2FhLTExZTYtOGY4OC0zNDM2M2JjN2M0YzAiOnsiY3JlYXRlIjozMDAwMDAwMDAwMDAsImRlbGV0ZSI6MzAwMDAwMDAwMDAwfX0=",
          "dependencies": [
            "aws_ebs_volume.data",
            "aws_instance.rag_server",
            "aws_key_pair.deployer",
            "aws_security_group.rag_api",
            "aws_subnet.public",
            "aws_vpc.main",
            "data.aws_ssm_parameter.dlami_arm64"
          ]
        }
      ]
    },
    {
      "mode": "managed",
      "type": "aws_vpc",
      "name": "main",
      "provider": "provider[\"registry.terraform.io/hashicorp/aws\"]",
      "instances": [
        {
          "schema_version": 1,
          "attributes": {
            "arn": "arn:aws:ec2:ap-northeast-2:346299179356:vpc/vpc-04a021550bc55d18c",
            "assign_generated_ipv6_cidr_block": false,
            "cidr_block": "10.0.0.0/16",
            "default_network_acl_id": "acl-03180406c7b3a79d1",
            "default_route_table_id": "rtb-0dd377ab73c189128",
            "default_security_group_id": "sg-0701f312680b29322",
            "dhcp_options_id": "dopt-0f709d810ea565631",
            "enable_dns_hostnames": true,
            "enable_dns_support": true,
            "enable_network_address_usage_metrics": false,
            "id": "vpc-04a021550bc55d18c",
            "instance_tenancy": "default",
            "ipv4_ipam_pool_id": null,
            "ipv4_netmask_length": null,
            "ipv6_association_id": "",
            "ipv6_cidr_block": "",
            "ipv6_cidr_block_network_border_group": "",
            "ipv6_ipam_pool_id": "",
            "ipv6_netmask_length": 0,
            "main_route_table_id": "rtb-0dd377ab73c189128",
            "owner_id": "346299179356",
            "tags": {
              "Name": "rag-llamaindex-vpc"
            },
            "tags_all": {
              "Environment": "prod",
              "Name": "rag-llamaindex-vpc",
              "Project": "rag-llamaindex"
            }
          },
          "sensitive_attributes": [],
          "identity_schema_version": 0,
          "private": "eyJzY2hlbWFfdmVyc2lvbiI6IjEifQ=="
        }
      ]
    },
    {
      "mode": "managed",
      "type": "local_file",
      "name": "ansible_inventory",
      "provider": "provider[\"registry.terraform.io/hashicorp/local\"]",
      "instances": [
        {
          "schema_version": 0,
          "attributes": {
            "content": "[rag_servers]\nrag-llamaindex ansible_host=3.39.171.2 ansible_user=ubuntu ansible_ssh_private_key_file=~/.ssh/id_rsa ansible_ssh_common_args='-o StrictHostKeyChecking=no'\n\n[rag_servers:vars]\napi_port=8000\n",
            "content_base64": null,
            "content_base64sha256": "ySASeHhggl+/7gjR2UUw96n9jDbKIKLHScgRDwS0Ass=",
            "content_base64sha512": "KOXx87bf/w9B9i+XMm1QKPkB7T3fL6cej5Drfmyv/X9/LlPd1AIrThw8N1zuKjR/d6D+q+UyPoyy1Y0DSlbPAA==",
            "content_md5": "59cf25c221ffae5dab5ad612e75a95df",
            "content_sha1": "98876990b1bdcaaeee657b0d607d0ceb8efb6c6c",
            "content_sha256": "c92012787860825fbfee08d1d94530f7a9fd8c36ca20a2c749c8110f04b402cb",
            "content_sha512": "28e5f1f3b6dfff0f41f62f97326d5028f901ed3ddf2fa71e8f90eb7e6caffd7f7f2e53ddd4022b4e1c3c375cee2a347f77a0feabe5323e8cb2d58d034a56cf00",
            "directory_permission": "0777",
            "file_permission": "0644",
            "filename": "./../ansible/inventory.ini",
            "id": "98876990b1bdcaaeee657b0d607d0ceb8efb6c6c",
            "sensitive_content": null,
            "source": null
          },
          "sensitive_attributes": [
            [
              {
                "type": "get_attr",
                "value": "sensitive_content"
              }
            ]
          ],
          "identity_schema_version": 0,
          "dependencies": [
            "aws_eip.rag_server"
          ]
        }
      ]
    },
    {
      "mode": "managed",
      "type": "null_resource",
      "name": "ansible_provision",
      "provider": "provider[\"registry.terraform.io/hashicorp/null\"]",
      "instances": [
        {
          "schema_version": 0,
          "attributes": {
            "id": "2057935211504004321",
            "triggers": {
              "instance_id": "i-0ee30deea906b7346",
              "public_ip": "3.39.171.2"
            }
          },
          "sensitive_attributes": [],
          "identity_schema_version": 0,
          "dependencies": [
            "aws_ebs_volume.data",
            "aws_eip.rag_server",
            "aws_eip_association.rag_server",
            "aws_instance.rag_server",
            "aws_key_pair.deployer",
            "aws_security_group.rag_api",
            "aws_subnet.public",
            "aws_volume_attachment.data",
            "aws_vpc.main",
            "data.aws_ssm_parameter.dlami_arm64"
          ]
        }
      ]
    },
    {
      "mode": "managed",
      "type": "null_resource",
      "name": "upload_yt_cookies",
      "provider": "provider[\"registry.terraform.io/hashicorp/null\"]",
      "instances": [
        {
          "schema_version": 0,
          "attributes": {
            "id": "8814428909333318403",
            "triggers": {
              "cookies_hash": "2b3ad6f0e1c5d61c62e06e73479ac3cc",
              "instance_id": "i-0ee30deea906b7346"
            }
          },
          "sensitive_attributes": [],
          "identity_schema_version": 0,
          "dependencies": [
            "aws_ebs_volume.data",
            "aws_eip.rag_server",
            "aws_eip_association.rag_server",
            "aws_instance.rag_server",
            "aws_key_pair.deployer",
            "aws_security_group.rag_api",
            "aws_subnet.public",
            "aws_volume_attachment.data",
            "aws_vpc.main",
            "data.aws_ssm_parameter.dlami_arm64",
            "null_resource.ansible_provision"
          ]
        }
      ]
    }
  ],
  "check_results": null
}
